
Microsoft Visual Studio Solution File, Format Version 12.00
# Visual Studio Version 16
VisualStudioVersion = 16.6.30114.105
MinimumVisualStudioVersion = 10.0.40219.1
Project("{F2A71F9B-5D33-465A-A702-920D77279786}") = "SpaceFiller", "SpaceFiller\SpaceFiller.fsproj", "{EC9A9965-A56A-49F8-BAE4-1041AB8C85F9}"
EndProject
Project("{F2A71F9B-5D33-465A-A702-920D77279786}") = "SpaceFiller.WPF", "SpaceFiller.WPF\SpaceFiller.WPF.fsproj", "{F1A9492A-4AD3-4AF7-84B7-AAD4CA28D7BA}"
EndProject
Project("{F2A71F9B-5D33-465A-A702-920D77279786}") = "SpaceFiller.Android", "SpaceFiller.Android\SpaceFiller.Android.fsproj", "{1A0E9A72-C8A8-44F3-B94F-243921C31CE1}"
EndProject
Project("{2150E333-8FDC-42A3-9474-1A3956D46DE8}") = "SqlHydra", "SqlHydra", "{BFF2AF4E-61D4-4089-B065-9CF717782C3A}"
EndProject
Project("{F2A71F9B-5D33-465A-A702-920D77279786}") = "SqlHydra.Query", "SqlHydra\src\SqlHydra.Query\SqlHydra.Query.fsproj", "{78EF498E-9B1B-4D85-BC9A-9CDC5D8C7D31}"
EndProject
Global
	GlobalSection(SolutionConfigurationPlatforms) = preSolution
		Debug|Any CPU = Debug|Any CPU
		Debug|x64 = Debug|x64
		Debug|x86 = Debug|x86
		Release|Any CPU = Release|Any CPU
		Release|x64 = Release|x64
		Release|x86 = Release|x86
	EndGlobalSection
	GlobalSection(SolutionProperties) = preSolution
		HideSolutionNode = FALSE
	EndGlobalSection
	GlobalSection(ProjectConfigurationPlatforms) = postSolution
		{EC9A9965-A56A-49F8-BAE4-1041AB8C85F9}.Debug|Any CPU.ActiveCfg = Debug|Any CPU
		{EC9A9965-A56A-49F8-BAE4-1041AB8C85F9}.Debug|Any CPU.Build.0 = Debug|Any CPU
		{EC9A9965-A56A-49F8-BAE4-1041AB8C85F9}.Debug|x64.ActiveCfg = Debug|Any CPU
		{EC9A9965-A56A-49F8-BAE4-1041AB8C85F9}.Debug|x64.Build.0 = Debug|Any CPU
		{EC9A9965-A56A-49F8-BAE4-1041AB8C85F9}.Debug|x86.ActiveCfg = Debug|Any CPU
		{EC9A9965-A56A-49F8-BAE4-1041AB8C85F9}.Debug|x86.Build.0 = Debug|Any CPU
		{EC9A9965-A56A-49F8-BAE4-1041AB8C85F9}.Release|Any CPU.ActiveCfg = Release|Any CPU
		{EC9A9965-A56A-49F8-BAE4-1041AB8C85F9}.Release|Any CPU.Build.0 = Release|Any CPU
		{EC9A9965-A56A-49F8-BAE4-1041AB8C85F9}.Release|x64.ActiveCfg = Release|Any CPU
		{EC9A9965-A56A-49F8-BAE4-1041AB8C85F9}.Release|x64.Build.0 = Release|Any CPU
		{EC9A9965-A56A-49F8-BAE4-1041AB8C85F9}.Release|x86.ActiveCfg = Release|Any CPU
		{EC9A9965-A56A-49F8-BAE4-1041AB8C85F9}.Release|x86.Build.0 = Release|Any CPU
		{F1A9492A-4AD3-4AF7-84B7-AAD4CA28D7BA}.Debug|Any CPU.ActiveCfg = Debug|Any CPU
		{F1A9492A-4AD3-4AF7-84B7-AAD4CA28D7BA}.Debug|Any CPU.Build.0 = Debug|Any CPU
		{F1A9492A-4AD3-4AF7-84B7-AAD4CA28D7BA}.Debug|x64.ActiveCfg = Debug|Any CPU
		{F1A9492A-4AD3-4AF7-84B7-AAD4CA28D7BA}.Debug|x64.Build.0 = Debug|Any CPU
		{F1A9492A-4AD3-4AF7-84B7-AAD4CA28D7BA}.Debug|x86.ActiveCfg = Debug|Any CPU
		{F1A9492A-4AD3-4AF7-84B7-AAD4CA28D7BA}.Debug|x86.Build.0 = Debug|Any CPU
		{F1A9492A-4AD3-4AF7-84B7-AAD4CA28D7BA}.Release|Any CPU.ActiveCfg = Release|Any CPU
		{F1A9492A-4AD3-4AF7-84B7-AAD4CA28D7BA}.Release|Any CPU.Build.0 = Release|Any CPU
		{F1A9492A-4AD3-4AF7-84B7-AAD4CA28D7BA}.Release|x64.ActiveCfg = Release|Any CPU
		{F1A9492A-4AD3-4AF7-84B7-AAD4CA28D7BA}.Release|x64.Build.0 = Release|Any CPU
		{F1A9492A-4AD3-4AF7-84B7-AAD4CA28D7BA}.Release|x86.ActiveCfg = Release|Any CPU
		{F1A9492A-4AD3-4AF7-84B7-AAD4CA28D7BA}.Release|x86.Build.0 = Release|Any CPU
		{1A0E9A72-C8A8-44F3-B94F-243921C31CE1}.Debug|Any CPU.ActiveCfg = Debug|Any CPU
		{1A0E9A72-C8A8-44F3-B94F-243921C31CE1}.Debug|Any CPU.Build.0 = Debug|Any CPU
		{1A0E9A72-C8A8-44F3-B94F-243921C31CE1}.Debug|x64.ActiveCfg = Debug|Any CPU
		{1A0E9A72-C8A8-44F3-B94F-243921C31CE1}.Debug|x64.Build.0 = Debug|Any CPU
		{1A0E9A72-C8A8-44F3-B94F-243921C31CE1}.Debug|x86.ActiveCfg = Debug|Any CPU
		{1A0E9A72-C8A8-44F3-B94F-243921C31CE1}.Debug|x86.Build.0 = Debug|Any CPU
		{1A0E9A72-C8A8-44F3-B94F-243921C31CE1}.Release|Any CPU.ActiveCfg = Release|Any CPU
		{1A0E9A72-C8A8-44F3-B94F-243921C31CE1}.Release|Any CPU.Build.0 = Release|Any CPU
		{1A0E9A72-C8A8-44F3-B94F-243921C31CE1}.Release|x64.ActiveCfg = Release|Any CPU
		{1A0E9A72-C8A8-44F3-B94F-243921C31CE1}.Release|x64.Build.0 = Release|Any CPU
		{1A0E9A72-C8A8-44F3-B94F-243921C31CE1}.Release|x86.ActiveCfg = Release|Any CPU
		{1A0E9A72-C8A8-44F3-B94F-243921C31CE1}.Release|x86.Build.0 = Release|Any CPU
		{78EF498E-9B1B-4D85-BC9A-9CDC5D8C7D31}.Debug|Any CPU.ActiveCfg = Debug|Any CPU
		{78EF498E-9B1B-4D85-BC9A-9CDC5D8C7D31}.Debug|Any CPU.Build.0 = Debug|Any CPU
		{78EF498E-9B1B-4D85-BC9A-9CDC5D8C7D31}.Debug|x64.ActiveCfg = Debug|Any CPU
		{78EF498E-9B1B-4D85-BC9A-9CDC5D8C7D31}.Debug|x64.Build.0 = Debug|Any CPU
		{78EF498E-9B1B-4D85-BC9A-9CDC5D8C7D31}.Debug|x86.ActiveCfg = Debug|Any CPU
		{78EF498E-9B1B-4D85-BC9A-9CDC5D8C7D31}.Debug|x86.Build.0 = Debug|Any CPU
		{78EF498E-9B1B-4D85-BC9A-9CDC5D8C7D31}.Release|Any CPU.ActiveCfg = Release|Any CPU
		{78EF498E-9B1B-4D85-BC9A-9CDC5D8C7D31}.Release|Any CPU.Build.0 = Release|Any CPU
		{78EF498E-9B1B-4D85-BC9A-9CDC5D8C7D31}.Release|x64.ActiveCfg = Release|Any CPU
		{78EF498E-9B1B-4D85-BC9A-9CDC5D8C7D31}.Release|x64.Build.0 = Release|Any CPU
		{78EF498E-9B1B-4D85-BC9A-9CDC5D8C7D31}.Release|x86.ActiveCfg = Release|Any CPU
		{78EF498E-9B1B-4D85-BC9A-9CDC5D8C7D31}.Release|x86.Build.0 = Release|Any CPU
	EndGlobalSection
	GlobalSection(NestedProjects) = preSolution
		{78EF498E-9B1B-4D85-BC9A-9CDC5D8C7D31} = {BFF2AF4E-61D4-4089-B065-9CF717782C3A}
	EndGlobalSection
EndGlobal
