
Microsoft Visual Studio Solution File, Format Version 12.00
# Visual Studio 15
VisualStudioVersion = 15.0.26730.10
MinimumVisualStudioVersion = 10.0.40219.1

Project("{6EC3EE1D-3C4E-46DD-8F32-0CC8E7565705}") = "SpaceFiller", "SpaceFiller\SpaceFiller.fsproj", "{AFDBCA5B-7AB2-4876-A374-E69ACF970F07}"
EndProject

Project("{F2A71F9B-5D33-465A-A702-920D77279786}") = "SpaceFiller.Android", "SpaceFiller.Android\SpaceFiller.Android.fsproj", "{1A0E9A72-C8A8-44F3-B94F-243921C31CE1}"
EndProject




Project("{F2A71F9B-5D33-465A-A702-920D77279786}") = "SpaceFiller.WPF", "SpaceFiller.WPF\SpaceFiller.WPF.fsproj", "{3CD361BD-0A40-41BF-9500-D3768966D663}"
EndProject


Global
	GlobalSection(SolutionConfigurationPlatforms) = preSolution
		Ad-Hoc|Any CPU = Ad-Hoc|Any CPU
		Ad-Hoc|ARM = Ad-Hoc|ARM
		Ad-Hoc|iPhone = Ad-Hoc|iPhone
		Ad-Hoc|iPhoneSimulator = Ad-Hoc|iPhoneSimulator
		Ad-Hoc|x64 = Ad-Hoc|x64
		Ad-Hoc|x86 = Ad-Hoc|x86
		AppStore|Any CPU = AppStore|Any CPU
		AppStore|ARM = AppStore|ARM
		AppStore|iPhone = AppStore|iPhone
		AppStore|iPhoneSimulator = AppStore|iPhoneSimulator
		AppStore|x64 = AppStore|x64
		AppStore|x86 = AppStore|x86
		Debug|Any CPU = Debug|Any CPU
		Debug|ARM = Debug|ARM
		Debug|iPhone = Debug|iPhone
		Debug|iPhoneSimulator = Debug|iPhoneSimulator
		Debug|x64 = Debug|x64
		Debug|x86 = Debug|x86
		Release|Any CPU = Release|Any CPU
		Release|ARM = Release|ARM
		Release|iPhone = Release|iPhone
		Release|iPhoneSimulator = Release|iPhoneSimulator
		Release|x64 = Release|x64
		Release|x86 = Release|x86
	EndGlobalSection
	GlobalSection(ProjectConfigurationPlatforms) = postSolution
		{AFDBCA5B-7AB2-4876-A374-E69ACF970F07}.Ad-Hoc|Any CPU.ActiveCfg = Debug|Any CPU
		{AFDBCA5B-7AB2-4876-A374-E69ACF970F07}.Ad-Hoc|Any CPU.Build.0 = Debug|Any CPU
		{AFDBCA5B-7AB2-4876-A374-E69ACF970F07}.Ad-Hoc|ARM.ActiveCfg = Debug|Any CPU
		{AFDBCA5B-7AB2-4876-A374-E69ACF970F07}.Ad-Hoc|ARM.Build.0 = Debug|Any CPU
		{AFDBCA5B-7AB2-4876-A374-E69ACF970F07}.Ad-Hoc|iPhone.ActiveCfg = Debug|Any CPU
		{AFDBCA5B-7AB2-4876-A374-E69ACF970F07}.Ad-Hoc|iPhone.Build.0 = Debug|Any CPU
		{AFDBCA5B-7AB2-4876-A374-E69ACF970F07}.Ad-Hoc|iPhoneSimulator.ActiveCfg = Debug|Any CPU
		{AFDBCA5B-7AB2-4876-A374-E69ACF970F07}.Ad-Hoc|iPhoneSimulator.Build.0 = Debug|Any CPU
		{AFDBCA5B-7AB2-4876-A374-E69ACF970F07}.Ad-Hoc|x64.ActiveCfg = Debug|Any CPU
		{AFDBCA5B-7AB2-4876-A374-E69ACF970F07}.Ad-Hoc|x64.Build.0 = Debug|Any CPU
		{AFDBCA5B-7AB2-4876-A374-E69ACF970F07}.Ad-Hoc|x86.ActiveCfg = Debug|Any CPU
		{AFDBCA5B-7AB2-4876-A374-E69ACF970F07}.Ad-Hoc|x86.Build.0 = Debug|Any CPU
		{AFDBCA5B-7AB2-4876-A374-E69ACF970F07}.AppStore|Any CPU.ActiveCfg = Debug|Any CPU
		{AFDBCA5B-7AB2-4876-A374-E69ACF970F07}.AppStore|Any CPU.Build.0 = Debug|Any CPU
		{AFDBCA5B-7AB2-4876-A374-E69ACF970F07}.AppStore|ARM.ActiveCfg = Debug|Any CPU
		{AFDBCA5B-7AB2-4876-A374-E69ACF970F07}.AppStore|ARM.Build.0 = Debug|Any CPU
		{AFDBCA5B-7AB2-4876-A374-E69ACF970F07}.AppStore|iPhone.ActiveCfg = Debug|Any CPU
		{AFDBCA5B-7AB2-4876-A374-E69ACF970F07}.AppStore|iPhone.Build.0 = Debug|Any CPU
		{AFDBCA5B-7AB2-4876-A374-E69ACF970F07}.AppStore|iPhoneSimulator.ActiveCfg = Debug|Any CPU
		{AFDBCA5B-7AB2-4876-A374-E69ACF970F07}.AppStore|iPhoneSimulator.Build.0 = Debug|Any CPU
		{AFDBCA5B-7AB2-4876-A374-E69ACF970F07}.AppStore|x64.ActiveCfg = Debug|Any CPU
		{AFDBCA5B-7AB2-4876-A374-E69ACF970F07}.AppStore|x64.Build.0 = Debug|Any CPU
		{AFDBCA5B-7AB2-4876-A374-E69ACF970F07}.AppStore|x86.ActiveCfg = Debug|Any CPU
		{AFDBCA5B-7AB2-4876-A374-E69ACF970F07}.AppStore|x86.Build.0 = Debug|Any CPU
		{AFDBCA5B-7AB2-4876-A374-E69ACF970F07}.Debug|Any CPU.ActiveCfg = Debug|Any CPU
		{AFDBCA5B-7AB2-4876-A374-E69ACF970F07}.Debug|Any CPU.Build.0 = Debug|Any CPU
		{AFDBCA5B-7AB2-4876-A374-E69ACF970F07}.Debug|ARM.ActiveCfg = Debug|Any CPU
		{AFDBCA5B-7AB2-4876-A374-E69ACF970F07}.Debug|ARM.Build.0 = Debug|Any CPU
		{AFDBCA5B-7AB2-4876-A374-E69ACF970F07}.Debug|iPhone.ActiveCfg = Debug|Any CPU
		{AFDBCA5B-7AB2-4876-A374-E69ACF970F07}.Debug|iPhone.Build.0 = Debug|Any CPU
		{AFDBCA5B-7AB2-4876-A374-E69ACF970F07}.Debug|iPhoneSimulator.ActiveCfg = Debug|Any CPU
		{AFDBCA5B-7AB2-4876-A374-E69ACF970F07}.Debug|iPhoneSimulator.Build.0 = Debug|Any CPU
		{AFDBCA5B-7AB2-4876-A374-E69ACF970F07}.Debug|x64.ActiveCfg = Debug|Any CPU
		{AFDBCA5B-7AB2-4876-A374-E69ACF970F07}.Debug|x64.Build.0 = Debug|Any CPU
		{AFDBCA5B-7AB2-4876-A374-E69ACF970F07}.Debug|x86.ActiveCfg = Debug|Any CPU
		{AFDBCA5B-7AB2-4876-A374-E69ACF970F07}.Debug|x86.Build.0 = Debug|Any CPU
		{AFDBCA5B-7AB2-4876-A374-E69ACF970F07}.Release|Any CPU.ActiveCfg = Release|Any CPU
		{AFDBCA5B-7AB2-4876-A374-E69ACF970F07}.Release|Any CPU.Build.0 = Release|Any CPU
		{AFDBCA5B-7AB2-4876-A374-E69ACF970F07}.Release|ARM.ActiveCfg = Release|Any CPU
		{AFDBCA5B-7AB2-4876-A374-E69ACF970F07}.Release|ARM.Build.0 = Release|Any CPU
		{AFDBCA5B-7AB2-4876-A374-E69ACF970F07}.Release|iPhone.ActiveCfg = Release|Any CPU
		{AFDBCA5B-7AB2-4876-A374-E69ACF970F07}.Release|iPhone.Build.0 = Release|Any CPU
		{AFDBCA5B-7AB2-4876-A374-E69ACF970F07}.Release|iPhoneSimulator.ActiveCfg = Release|Any CPU
		{AFDBCA5B-7AB2-4876-A374-E69ACF970F07}.Release|iPhoneSimulator.Build.0 = Release|Any CPU
		{AFDBCA5B-7AB2-4876-A374-E69ACF970F07}.Release|x64.ActiveCfg = Release|Any CPU
		{AFDBCA5B-7AB2-4876-A374-E69ACF970F07}.Release|x64.Build.0 = Release|Any CPU
		{AFDBCA5B-7AB2-4876-A374-E69ACF970F07}.Release|x86.ActiveCfg = Release|Any CPU
		{AFDBCA5B-7AB2-4876-A374-E69ACF970F07}.Release|x86.Build.0 = Release|Any CPU
		{12E95B48-6DDC-4457-84FE-DFA91E4FE3B9}.Ad-Hoc|Any CPU.ActiveCfg = Ad-Hoc|iPhone
		{12E95B48-6DDC-4457-84FE-DFA91E4FE3B9}.Ad-Hoc|ARM.ActiveCfg = Ad-Hoc|iPhone
		{12E95B48-6DDC-4457-84FE-DFA91E4FE3B9}.Ad-Hoc|iPhone.ActiveCfg = Ad-Hoc|iPhone
		{12E95B48-6DDC-4457-84FE-DFA91E4FE3B9}.Ad-Hoc|iPhone.Build.0 = Ad-Hoc|iPhone
		{12E95B48-6DDC-4457-84FE-DFA91E4FE3B9}.Ad-Hoc|iPhoneSimulator.ActiveCfg = Ad-Hoc|iPhoneSimulator
		{12E95B48-6DDC-4457-84FE-DFA91E4FE3B9}.Ad-Hoc|iPhoneSimulator.Build.0 = Ad-Hoc|iPhoneSimulator
		{12E95B48-6DDC-4457-84FE-DFA91E4FE3B9}.Ad-Hoc|x64.ActiveCfg = Ad-Hoc|iPhone
		{12E95B48-6DDC-4457-84FE-DFA91E4FE3B9}.Ad-Hoc|x86.ActiveCfg = Ad-Hoc|iPhone
		{12E95B48-6DDC-4457-84FE-DFA91E4FE3B9}.AppStore|Any CPU.ActiveCfg = AppStore|iPhone
		{12E95B48-6DDC-4457-84FE-DFA91E4FE3B9}.AppStore|ARM.ActiveCfg = AppStore|iPhone
		{12E95B48-6DDC-4457-84FE-DFA91E4FE3B9}.AppStore|iPhone.ActiveCfg = AppStore|iPhone
		{12E95B48-6DDC-4457-84FE-DFA91E4FE3B9}.AppStore|iPhone.Build.0 = AppStore|iPhone
		{12E95B48-6DDC-4457-84FE-DFA91E4FE3B9}.AppStore|iPhoneSimulator.ActiveCfg = AppStore|iPhoneSimulator
		{12E95B48-6DDC-4457-84FE-DFA91E4FE3B9}.AppStore|iPhoneSimulator.Build.0 = AppStore|iPhoneSimulator
		{12E95B48-6DDC-4457-84FE-DFA91E4FE3B9}.AppStore|x64.ActiveCfg = AppStore|iPhone
		{12E95B48-6DDC-4457-84FE-DFA91E4FE3B9}.AppStore|x86.ActiveCfg = AppStore|iPhone
		{12E95B48-6DDC-4457-84FE-DFA91E4FE3B9}.Debug|Any CPU.ActiveCfg = Debug|iPhone
		{12E95B48-6DDC-4457-84FE-DFA91E4FE3B9}.Debug|ARM.ActiveCfg = Debug|iPhone
		{12E95B48-6DDC-4457-84FE-DFA91E4FE3B9}.Debug|iPhone.ActiveCfg = Debug|iPhone
		{12E95B48-6DDC-4457-84FE-DFA91E4FE3B9}.Debug|iPhone.Build.0 = Debug|iPhone
		{12E95B48-6DDC-4457-84FE-DFA91E4FE3B9}.Debug|iPhoneSimulator.ActiveCfg = Debug|iPhoneSimulator
		{12E95B48-6DDC-4457-84FE-DFA91E4FE3B9}.Debug|iPhoneSimulator.Build.0 = Debug|iPhoneSimulator
		{12E95B48-6DDC-4457-84FE-DFA91E4FE3B9}.Debug|x64.ActiveCfg = Debug|iPhone
		{12E95B48-6DDC-4457-84FE-DFA91E4FE3B9}.Debug|x86.ActiveCfg = Debug|iPhone
		{12E95B48-6DDC-4457-84FE-DFA91E4FE3B9}.Release|Any CPU.ActiveCfg = Release|iPhone
		{12E95B48-6DDC-4457-84FE-DFA91E4FE3B9}.Release|ARM.ActiveCfg = Release|iPhone
		{12E95B48-6DDC-4457-84FE-DFA91E4FE3B9}.Release|iPhone.ActiveCfg = Release|iPhone
		{12E95B48-6DDC-4457-84FE-DFA91E4FE3B9}.Release|iPhone.Build.0 = Release|iPhone
		{12E95B48-6DDC-4457-84FE-DFA91E4FE3B9}.Release|iPhoneSimulator.ActiveCfg = Release|iPhoneSimulator
		{12E95B48-6DDC-4457-84FE-DFA91E4FE3B9}.Release|iPhoneSimulator.Build.0 = Release|iPhoneSimulator
		{12E95B48-6DDC-4457-84FE-DFA91E4FE3B9}.Release|x64.ActiveCfg = Release|iPhone
		{12E95B48-6DDC-4457-84FE-DFA91E4FE3B9}.Release|x86.ActiveCfg = Release|iPhone
		{58661FAD-4AFB-4035-9538-057E99E20EC8}.Ad-Hoc|Any CPU.ActiveCfg = Release|x86
		{58661FAD-4AFB-4035-9538-057E99E20EC8}.Ad-Hoc|Any CPU.Build.0 = Release|x86
		{58661FAD-4AFB-4035-9538-057E99E20EC8}.Ad-Hoc|Any CPU.Deploy.0 = Release|x86
		{58661FAD-4AFB-4035-9538-057E99E20EC8}.Ad-Hoc|ARM.ActiveCfg = Release|ARM
		{58661FAD-4AFB-4035-9538-057E99E20EC8}.Ad-Hoc|ARM.Build.0 = Release|ARM
		{58661FAD-4AFB-4035-9538-057E99E20EC8}.Ad-Hoc|ARM.Deploy.0 = Release|ARM
		{58661FAD-4AFB-4035-9538-057E99E20EC8}.Ad-Hoc|iPhone.ActiveCfg = Release|x86
		{58661FAD-4AFB-4035-9538-057E99E20EC8}.Ad-Hoc|iPhone.Build.0 = Release|x86
		{58661FAD-4AFB-4035-9538-057E99E20EC8}.Ad-Hoc|iPhone.Deploy.0 = Release|x86
		{58661FAD-4AFB-4035-9538-057E99E20EC8}.Ad-Hoc|iPhoneSimulator.ActiveCfg = Release|x86
		{58661FAD-4AFB-4035-9538-057E99E20EC8}.Ad-Hoc|iPhoneSimulator.Build.0 = Release|x86
		{58661FAD-4AFB-4035-9538-057E99E20EC8}.Ad-Hoc|iPhoneSimulator.Deploy.0 = Release|x86
		{58661FAD-4AFB-4035-9538-057E99E20EC8}.Ad-Hoc|x64.ActiveCfg = Release|x64
		{58661FAD-4AFB-4035-9538-057E99E20EC8}.Ad-Hoc|x64.Build.0 = Release|x64
		{58661FAD-4AFB-4035-9538-057E99E20EC8}.Ad-Hoc|x64.Deploy.0 = Release|x64
		{58661FAD-4AFB-4035-9538-057E99E20EC8}.Ad-Hoc|x86.ActiveCfg = Release|x86
		{58661FAD-4AFB-4035-9538-057E99E20EC8}.Ad-Hoc|x86.Build.0 = Release|x86
		{58661FAD-4AFB-4035-9538-057E99E20EC8}.Ad-Hoc|x86.Deploy.0 = Release|x86
		{58661FAD-4AFB-4035-9538-057E99E20EC8}.AppStore|Any CPU.ActiveCfg = Release|x86
		{58661FAD-4AFB-4035-9538-057E99E20EC8}.AppStore|Any CPU.Build.0 = Release|x86
		{58661FAD-4AFB-4035-9538-057E99E20EC8}.AppStore|Any CPU.Deploy.0 = Release|x86
		{58661FAD-4AFB-4035-9538-057E99E20EC8}.AppStore|ARM.ActiveCfg = Release|ARM
		{58661FAD-4AFB-4035-9538-057E99E20EC8}.AppStore|ARM.Build.0 = Release|ARM
		{58661FAD-4AFB-4035-9538-057E99E20EC8}.AppStore|ARM.Deploy.0 = Release|ARM
		{58661FAD-4AFB-4035-9538-057E99E20EC8}.AppStore|iPhone.ActiveCfg = Release|x86
		{58661FAD-4AFB-4035-9538-057E99E20EC8}.AppStore|iPhone.Build.0 = Release|x86
		{58661FAD-4AFB-4035-9538-057E99E20EC8}.AppStore|iPhone.Deploy.0 = Release|x86
		{58661FAD-4AFB-4035-9538-057E99E20EC8}.AppStore|iPhoneSimulator.ActiveCfg = Release|x86
		{58661FAD-4AFB-4035-9538-057E99E20EC8}.AppStore|iPhoneSimulator.Build.0 = Release|x86
		{58661FAD-4AFB-4035-9538-057E99E20EC8}.AppStore|iPhoneSimulator.Deploy.0 = Release|x86
		{58661FAD-4AFB-4035-9538-057E99E20EC8}.AppStore|x64.ActiveCfg = Release|x64
		{58661FAD-4AFB-4035-9538-057E99E20EC8}.AppStore|x64.Build.0 = Release|x64
		{58661FAD-4AFB-4035-9538-057E99E20EC8}.AppStore|x64.Deploy.0 = Release|x64
		{58661FAD-4AFB-4035-9538-057E99E20EC8}.AppStore|x86.ActiveCfg = Release|x86
		{58661FAD-4AFB-4035-9538-057E99E20EC8}.AppStore|x86.Build.0 = Release|x86
		{58661FAD-4AFB-4035-9538-057E99E20EC8}.AppStore|x86.Deploy.0 = Release|x86
		{58661FAD-4AFB-4035-9538-057E99E20EC8}.Debug|Any CPU.ActiveCfg = Debug|x86
		{58661FAD-4AFB-4035-9538-057E99E20EC8}.Debug|ARM.ActiveCfg = Debug|ARM
		{58661FAD-4AFB-4035-9538-057E99E20EC8}.Debug|ARM.Build.0 = Debug|ARM
		{58661FAD-4AFB-4035-9538-057E99E20EC8}.Debug|ARM.Deploy.0 = Debug|ARM
		{58661FAD-4AFB-4035-9538-057E99E20EC8}.Debug|iPhone.ActiveCfg = Debug|x86
		{58661FAD-4AFB-4035-9538-057E99E20EC8}.Debug|iPhoneSimulator.ActiveCfg = Debug|x86
		{58661FAD-4AFB-4035-9538-057E99E20EC8}.Debug|x64.ActiveCfg = Debug|x64
		{58661FAD-4AFB-4035-9538-057E99E20EC8}.Debug|x64.Build.0 = Debug|x64
		{58661FAD-4AFB-4035-9538-057E99E20EC8}.Debug|x64.Deploy.0 = Debug|x64
		{58661FAD-4AFB-4035-9538-057E99E20EC8}.Debug|x86.ActiveCfg = Debug|x86
		{58661FAD-4AFB-4035-9538-057E99E20EC8}.Debug|x86.Build.0 = Debug|x86
		{58661FAD-4AFB-4035-9538-057E99E20EC8}.Debug|x86.Deploy.0 = Debug|x86
		{58661FAD-4AFB-4035-9538-057E99E20EC8}.Release|Any CPU.ActiveCfg = Release|x86
		{58661FAD-4AFB-4035-9538-057E99E20EC8}.Release|ARM.ActiveCfg = Release|ARM
		{58661FAD-4AFB-4035-9538-057E99E20EC8}.Release|ARM.Build.0 = Release|ARM
		{58661FAD-4AFB-4035-9538-057E99E20EC8}.Release|ARM.Deploy.0 = Release|ARM
		{58661FAD-4AFB-4035-9538-057E99E20EC8}.Release|iPhone.ActiveCfg = Release|x86
		{58661FAD-4AFB-4035-9538-057E99E20EC8}.Release|iPhoneSimulator.ActiveCfg = Release|x86
		{58661FAD-4AFB-4035-9538-057E99E20EC8}.Release|x64.ActiveCfg = Release|x64
		{58661FAD-4AFB-4035-9538-057E99E20EC8}.Release|x64.Build.0 = Release|x64
		{58661FAD-4AFB-4035-9538-057E99E20EC8}.Release|x64.Deploy.0 = Release|x64
		{58661FAD-4AFB-4035-9538-057E99E20EC8}.Release|x86.ActiveCfg = Release|x86
		{58661FAD-4AFB-4035-9538-057E99E20EC8}.Release|x86.Build.0 = Release|x86
		{58661FAD-4AFB-4035-9538-057E99E20EC8}.Release|x86.Deploy.0 = Release|x86
		{CE4C0FF3-275D-4B97-87CA-B20A77508BE8}.Ad-Hoc|Any CPU.ActiveCfg = Release|Any CPU
		{CE4C0FF3-275D-4B97-87CA-B20A77508BE8}.Ad-Hoc|Any CPU.Build.0 = Release|Any CPU
		{CE4C0FF3-275D-4B97-87CA-B20A77508BE8}.Ad-Hoc|ARM.ActiveCfg = Release|Any CPU
		{CE4C0FF3-275D-4B97-87CA-B20A77508BE8}.Ad-Hoc|ARM.Build.0 = Release|Any CPU
		{CE4C0FF3-275D-4B97-87CA-B20A77508BE8}.Ad-Hoc|iPhone.ActiveCfg = Release|Any CPU
		{CE4C0FF3-275D-4B97-87CA-B20A77508BE8}.Ad-Hoc|iPhone.Build.0 = Release|Any CPU
		{CE4C0FF3-275D-4B97-87CA-B20A77508BE8}.Ad-Hoc|iPhoneSimulator.ActiveCfg = Release|Any CPU
		{CE4C0FF3-275D-4B97-87CA-B20A77508BE8}.Ad-Hoc|iPhoneSimulator.Build.0 = Release|Any CPU
		{CE4C0FF3-275D-4B97-87CA-B20A77508BE8}.Ad-Hoc|x64.ActiveCfg = Release|Any CPU
		{CE4C0FF3-275D-4B97-87CA-B20A77508BE8}.Ad-Hoc|x64.Build.0 = Release|Any CPU
		{CE4C0FF3-275D-4B97-87CA-B20A77508BE8}.Ad-Hoc|x86.ActiveCfg = Release|Any CPU
		{CE4C0FF3-275D-4B97-87CA-B20A77508BE8}.Ad-Hoc|x86.Build.0 = Release|Any CPU
		{CE4C0FF3-275D-4B97-87CA-B20A77508BE8}.AppStore|Any CPU.ActiveCfg = Release|Any CPU
		{CE4C0FF3-275D-4B97-87CA-B20A77508BE8}.AppStore|Any CPU.Build.0 = Release|Any CPU
		{CE4C0FF3-275D-4B97-87CA-B20A77508BE8}.AppStore|ARM.ActiveCfg = Release|Any CPU
		{CE4C0FF3-275D-4B97-87CA-B20A77508BE8}.AppStore|ARM.Build.0 = Release|Any CPU
		{CE4C0FF3-275D-4B97-87CA-B20A77508BE8}.AppStore|iPhone.ActiveCfg = Release|Any CPU
		{CE4C0FF3-275D-4B97-87CA-B20A77508BE8}.AppStore|iPhone.Build.0 = Release|Any CPU
		{CE4C0FF3-275D-4B97-87CA-B20A77508BE8}.AppStore|iPhoneSimulator.ActiveCfg = Release|Any CPU
		{CE4C0FF3-275D-4B97-87CA-B20A77508BE8}.AppStore|iPhoneSimulator.Build.0 = Release|Any CPU
		{CE4C0FF3-275D-4B97-87CA-B20A77508BE8}.AppStore|x64.ActiveCfg = Release|Any CPU
		{CE4C0FF3-275D-4B97-87CA-B20A77508BE8}.AppStore|x64.Build.0 = Release|Any CPU
		{CE4C0FF3-275D-4B97-87CA-B20A77508BE8}.AppStore|x86.ActiveCfg = Release|Any CPU
		{CE4C0FF3-275D-4B97-87CA-B20A77508BE8}.AppStore|x86.Build.0 = Release|Any CPU
		{CE4C0FF3-275D-4B97-87CA-B20A77508BE8}.Debug|Any CPU.ActiveCfg = Debug|Any CPU
		{CE4C0FF3-275D-4B97-87CA-B20A77508BE8}.Debug|Any CPU.Build.0 = Debug|Any CPU
		{CE4C0FF3-275D-4B97-87CA-B20A77508BE8}.Debug|ARM.ActiveCfg = Debug|Any CPU
		{CE4C0FF3-275D-4B97-87CA-B20A77508BE8}.Debug|ARM.Build.0 = Debug|Any CPU
		{CE4C0FF3-275D-4B97-87CA-B20A77508BE8}.Debug|iPhone.ActiveCfg = Debug|Any CPU
		{CE4C0FF3-275D-4B97-87CA-B20A77508BE8}.Debug|iPhone.Build.0 = Debug|Any CPU
		{CE4C0FF3-275D-4B97-87CA-B20A77508BE8}.Debug|iPhoneSimulator.ActiveCfg = Debug|Any CPU
		{CE4C0FF3-275D-4B97-87CA-B20A77508BE8}.Debug|iPhoneSimulator.Build.0 = Debug|Any CPU
		{CE4C0FF3-275D-4B97-87CA-B20A77508BE8}.Debug|x64.ActiveCfg = Debug|Any CPU
		{CE4C0FF3-275D-4B97-87CA-B20A77508BE8}.Debug|x64.Build.0 = Debug|Any CPU
		{CE4C0FF3-275D-4B97-87CA-B20A77508BE8}.Debug|x86.ActiveCfg = Debug|Any CPU
		{CE4C0FF3-275D-4B97-87CA-B20A77508BE8}.Debug|x86.Build.0 = Debug|Any CPU
		{CE4C0FF3-275D-4B97-87CA-B20A77508BE8}.Release|Any CPU.ActiveCfg = Release|Any CPU
		{CE4C0FF3-275D-4B97-87CA-B20A77508BE8}.Release|Any CPU.Build.0 = Release|Any CPU
		{CE4C0FF3-275D-4B97-87CA-B20A77508BE8}.Release|ARM.ActiveCfg = Release|Any CPU
		{CE4C0FF3-275D-4B97-87CA-B20A77508BE8}.Release|ARM.Build.0 = Release|Any CPU
		{CE4C0FF3-275D-4B97-87CA-B20A77508BE8}.Release|iPhone.ActiveCfg = Release|Any CPU
		{CE4C0FF3-275D-4B97-87CA-B20A77508BE8}.Release|iPhone.Build.0 = Release|Any CPU
		{CE4C0FF3-275D-4B97-87CA-B20A77508BE8}.Release|iPhoneSimulator.ActiveCfg = Release|Any CPU
		{CE4C0FF3-275D-4B97-87CA-B20A77508BE8}.Release|iPhoneSimulator.Build.0 = Release|Any CPU
		{CE4C0FF3-275D-4B97-87CA-B20A77508BE8}.Release|x64.ActiveCfg = Release|Any CPU
		{CE4C0FF3-275D-4B97-87CA-B20A77508BE8}.Release|x64.Build.0 = Release|Any CPU
		{CE4C0FF3-275D-4B97-87CA-B20A77508BE8}.Release|x86.ActiveCfg = Release|Any CPU
		{CE4C0FF3-275D-4B97-87CA-B20A77508BE8}.Release|x86.Build.0 = Release|Any CPU
		{3CD361BD-0A40-41BF-9500-D3768966D663}.Ad-Hoc|Any CPU.ActiveCfg = Release|Any CPU
		{3CD361BD-0A40-41BF-9500-D3768966D663}.Ad-Hoc|Any CPU.Build.0 = Release|Any CPU
		{3CD361BD-0A40-41BF-9500-D3768966D663}.Ad-Hoc|ARM.ActiveCfg = Release|Any CPU
		{3CD361BD-0A40-41BF-9500-D3768966D663}.Ad-Hoc|ARM.Build.0 = Release|Any CPU
		{3CD361BD-0A40-41BF-9500-D3768966D663}.Ad-Hoc|iPhone.ActiveCfg = Release|Any CPU
		{3CD361BD-0A40-41BF-9500-D3768966D663}.Ad-Hoc|iPhone.Build.0 = Release|Any CPU
		{3CD361BD-0A40-41BF-9500-D3768966D663}.Ad-Hoc|iPhoneSimulator.ActiveCfg = Release|Any CPU
		{3CD361BD-0A40-41BF-9500-D3768966D663}.Ad-Hoc|iPhoneSimulator.Build.0 = Release|Any CPU
		{3CD361BD-0A40-41BF-9500-D3768966D663}.Ad-Hoc|x64.ActiveCfg = Release|Any CPU
		{3CD361BD-0A40-41BF-9500-D3768966D663}.Ad-Hoc|x64.Build.0 = Release|Any CPU
		{3CD361BD-0A40-41BF-9500-D3768966D663}.Ad-Hoc|x86.ActiveCfg = Release|Any CPU
		{3CD361BD-0A40-41BF-9500-D3768966D663}.Ad-Hoc|x86.Build.0 = Release|Any CPU
		{3CD361BD-0A40-41BF-9500-D3768966D663}.AppStore|Any CPU.ActiveCfg = Release|Any CPU
		{3CD361BD-0A40-41BF-9500-D3768966D663}.AppStore|Any CPU.Build.0 = Release|Any CPU
		{3CD361BD-0A40-41BF-9500-D3768966D663}.AppStore|ARM.ActiveCfg = Release|Any CPU
		{3CD361BD-0A40-41BF-9500-D3768966D663}.AppStore|ARM.Build.0 = Release|Any CPU
		{3CD361BD-0A40-41BF-9500-D3768966D663}.AppStore|iPhone.ActiveCfg = Release|Any CPU
		{3CD361BD-0A40-41BF-9500-D3768966D663}.AppStore|iPhone.Build.0 = Release|Any CPU
		{3CD361BD-0A40-41BF-9500-D3768966D663}.AppStore|iPhoneSimulator.ActiveCfg = Release|Any CPU
		{3CD361BD-0A40-41BF-9500-D3768966D663}.AppStore|iPhoneSimulator.Build.0 = Release|Any CPU
		{3CD361BD-0A40-41BF-9500-D3768966D663}.AppStore|x64.ActiveCfg = Release|Any CPU
		{3CD361BD-0A40-41BF-9500-D3768966D663}.AppStore|x64.Build.0 = Release|Any CPU
		{3CD361BD-0A40-41BF-9500-D3768966D663}.AppStore|x86.ActiveCfg = Release|Any CPU
		{3CD361BD-0A40-41BF-9500-D3768966D663}.AppStore|x86.Build.0 = Release|Any CPU
		{3CD361BD-0A40-41BF-9500-D3768966D663}.Debug|Any CPU.ActiveCfg = Debug|Any CPU
		{3CD361BD-0A40-41BF-9500-D3768966D663}.Debug|Any CPU.Build.0 = Debug|Any CPU
		{3CD361BD-0A40-41BF-9500-D3768966D663}.Debug|ARM.ActiveCfg = Debug|Any CPU
		{3CD361BD-0A40-41BF-9500-D3768966D663}.Debug|ARM.Build.0 = Debug|Any CPU
		{3CD361BD-0A40-41BF-9500-D3768966D663}.Debug|iPhone.ActiveCfg = Debug|Any CPU
		{3CD361BD-0A40-41BF-9500-D3768966D663}.Debug|iPhone.Build.0 = Debug|Any CPU
		{3CD361BD-0A40-41BF-9500-D3768966D663}.Debug|iPhoneSimulator.ActiveCfg = Debug|Any CPU
		{3CD361BD-0A40-41BF-9500-D3768966D663}.Debug|iPhoneSimulator.Build.0 = Debug|Any CPU
		{3CD361BD-0A40-41BF-9500-D3768966D663}.Debug|x64.ActiveCfg = Debug|Any CPU
		{3CD361BD-0A40-41BF-9500-D3768966D663}.Debug|x64.Build.0 = Debug|Any CPU
		{3CD361BD-0A40-41BF-9500-D3768966D663}.Debug|x86.ActiveCfg = Debug|Any CPU
		{3CD361BD-0A40-41BF-9500-D3768966D663}.Debug|x86.Build.0 = Debug|Any CPU
		{3CD361BD-0A40-41BF-9500-D3768966D663}.Release|Any CPU.ActiveCfg = Release|Any CPU
		{3CD361BD-0A40-41BF-9500-D3768966D663}.Release|Any CPU.Build.0 = Release|Any CPU
		{3CD361BD-0A40-41BF-9500-D3768966D663}.Release|ARM.ActiveCfg = Release|Any CPU
		{3CD361BD-0A40-41BF-9500-D3768966D663}.Release|ARM.Build.0 = Release|Any CPU
		{3CD361BD-0A40-41BF-9500-D3768966D663}.Release|iPhone.ActiveCfg = Release|Any CPU
		{3CD361BD-0A40-41BF-9500-D3768966D663}.Release|iPhone.Build.0 = Release|Any CPU
		{3CD361BD-0A40-41BF-9500-D3768966D663}.Release|iPhoneSimulator.ActiveCfg = Release|Any CPU
		{3CD361BD-0A40-41BF-9500-D3768966D663}.Release|iPhoneSimulator.Build.0 = Release|Any CPU
		{3CD361BD-0A40-41BF-9500-D3768966D663}.Release|x64.ActiveCfg = Release|Any CPU
		{3CD361BD-0A40-41BF-9500-D3768966D663}.Release|x64.Build.0 = Release|Any CPU
		{3CD361BD-0A40-41BF-9500-D3768966D663}.Release|x86.ActiveCfg = Release|Any CPU
		{3CD361BD-0A40-41BF-9500-D3768966D663}.Release|x86.Build.0 = Release|Any CPU
		{1A0E9A72-C8A8-44F3-B94F-243921C31CE1}.Ad-Hoc|Any CPU.ActiveCfg = Release|Any CPU
		{1A0E9A72-C8A8-44F3-B94F-243921C31CE1}.Ad-Hoc|Any CPU.Build.0 = Release|Any CPU
		{1A0E9A72-C8A8-44F3-B94F-243921C31CE1}.Ad-Hoc|ARM.ActiveCfg = Release|Any CPU
		{1A0E9A72-C8A8-44F3-B94F-243921C31CE1}.Ad-Hoc|ARM.Build.0 = Release|Any CPU
		{1A0E9A72-C8A8-44F3-B94F-243921C31CE1}.Ad-Hoc|iPhone.ActiveCfg = Release|Any CPU
		{1A0E9A72-C8A8-44F3-B94F-243921C31CE1}.Ad-Hoc|iPhone.Build.0 = Release|Any CPU
		{1A0E9A72-C8A8-44F3-B94F-243921C31CE1}.Ad-Hoc|iPhoneSimulator.ActiveCfg = Release|Any CPU
		{1A0E9A72-C8A8-44F3-B94F-243921C31CE1}.Ad-Hoc|iPhoneSimulator.Build.0 = Release|Any CPU
		{1A0E9A72-C8A8-44F3-B94F-243921C31CE1}.Ad-Hoc|x64.ActiveCfg = Release|Any CPU
		{1A0E9A72-C8A8-44F3-B94F-243921C31CE1}.Ad-Hoc|x64.Build.0 = Release|Any CPU
		{1A0E9A72-C8A8-44F3-B94F-243921C31CE1}.Ad-Hoc|x86.ActiveCfg = Release|Any CPU
		{1A0E9A72-C8A8-44F3-B94F-243921C31CE1}.Ad-Hoc|x86.Build.0 = Release|Any CPU
		{1A0E9A72-C8A8-44F3-B94F-243921C31CE1}.AppStore|Any CPU.ActiveCfg = Release|Any CPU
		{1A0E9A72-C8A8-44F3-B94F-243921C31CE1}.AppStore|Any CPU.Build.0 = Release|Any CPU
		{1A0E9A72-C8A8-44F3-B94F-243921C31CE1}.AppStore|ARM.ActiveCfg = Release|Any CPU
		{1A0E9A72-C8A8-44F3-B94F-243921C31CE1}.AppStore|ARM.Build.0 = Release|Any CPU
		{1A0E9A72-C8A8-44F3-B94F-243921C31CE1}.AppStore|iPhone.ActiveCfg = Release|Any CPU
		{1A0E9A72-C8A8-44F3-B94F-243921C31CE1}.AppStore|iPhone.Build.0 = Release|Any CPU
		{1A0E9A72-C8A8-44F3-B94F-243921C31CE1}.AppStore|iPhoneSimulator.ActiveCfg = Release|Any CPU
		{1A0E9A72-C8A8-44F3-B94F-243921C31CE1}.AppStore|iPhoneSimulator.Build.0 = Release|Any CPU
		{1A0E9A72-C8A8-44F3-B94F-243921C31CE1}.AppStore|x64.ActiveCfg = Release|Any CPU
		{1A0E9A72-C8A8-44F3-B94F-243921C31CE1}.AppStore|x64.Build.0 = Release|Any CPU
		{1A0E9A72-C8A8-44F3-B94F-243921C31CE1}.AppStore|x86.ActiveCfg = Release|Any CPU
		{1A0E9A72-C8A8-44F3-B94F-243921C31CE1}.AppStore|x86.Build.0 = Release|Any CPU
		{1A0E9A72-C8A8-44F3-B94F-243921C31CE1}.Debug|Any CPU.ActiveCfg = Debug|Any CPU
		{1A0E9A72-C8A8-44F3-B94F-243921C31CE1}.Debug|Any CPU.Build.0 = Debug|Any CPU
		{1A0E9A72-C8A8-44F3-B94F-243921C31CE1}.Debug|Any CPU.Deploy.0 = Debug|Any CPU
		{1A0E9A72-C8A8-44F3-B94F-243921C31CE1}.Debug|ARM.ActiveCfg = Debug|Any CPU
		{1A0E9A72-C8A8-44F3-B94F-243921C31CE1}.Debug|ARM.Build.0 = Debug|Any CPU
		{1A0E9A72-C8A8-44F3-B94F-243921C31CE1}.Debug|iPhone.ActiveCfg = Debug|Any CPU
		{1A0E9A72-C8A8-44F3-B94F-243921C31CE1}.Debug|iPhone.Build.0 = Debug|Any CPU
		{1A0E9A72-C8A8-44F3-B94F-243921C31CE1}.Debug|iPhoneSimulator.ActiveCfg = Debug|Any CPU
		{1A0E9A72-C8A8-44F3-B94F-243921C31CE1}.Debug|iPhoneSimulator.Build.0 = Debug|Any CPU
		{1A0E9A72-C8A8-44F3-B94F-243921C31CE1}.Debug|x64.ActiveCfg = Debug|Any CPU
		{1A0E9A72-C8A8-44F3-B94F-243921C31CE1}.Debug|x64.Build.0 = Debug|Any CPU
		{1A0E9A72-C8A8-44F3-B94F-243921C31CE1}.Debug|x86.ActiveCfg = Debug|Any CPU
		{1A0E9A72-C8A8-44F3-B94F-243921C31CE1}.Debug|x86.Build.0 = Debug|Any CPU
		{1A0E9A72-C8A8-44F3-B94F-243921C31CE1}.Release|Any CPU.ActiveCfg = Release|Any CPU
		{1A0E9A72-C8A8-44F3-B94F-243921C31CE1}.Release|Any CPU.Build.0 = Release|Any CPU
		{1A0E9A72-C8A8-44F3-B94F-243921C31CE1}.Release|Any CPU.Deploy.0 = Release|Any CPU
		{1A0E9A72-C8A8-44F3-B94F-243921C31CE1}.Release|ARM.ActiveCfg = Release|Any CPU
		{1A0E9A72-C8A8-44F3-B94F-243921C31CE1}.Release|ARM.Build.0 = Release|Any CPU
		{1A0E9A72-C8A8-44F3-B94F-243921C31CE1}.Release|iPhone.ActiveCfg = Release|Any CPU
		{1A0E9A72-C8A8-44F3-B94F-243921C31CE1}.Release|iPhone.Build.0 = Release|Any CPU
		{1A0E9A72-C8A8-44F3-B94F-243921C31CE1}.Release|iPhoneSimulator.ActiveCfg = Release|Any CPU
		{1A0E9A72-C8A8-44F3-B94F-243921C31CE1}.Release|iPhoneSimulator.Build.0 = Release|Any CPU
		{1A0E9A72-C8A8-44F3-B94F-243921C31CE1}.Release|x64.ActiveCfg = Release|Any CPU
		{1A0E9A72-C8A8-44F3-B94F-243921C31CE1}.Release|x64.Build.0 = Release|Any CPU
		{1A0E9A72-C8A8-44F3-B94F-243921C31CE1}.Release|x86.ActiveCfg = Release|Any CPU
		{1A0E9A72-C8A8-44F3-B94F-243921C31CE1}.Release|x86.Build.0 = Release|Any CPU
		{FA8F5B14-1731-412D-8DE4-D87958A294FF}.Ad-Hoc|Any CPU.ActiveCfg = Release|Any CPU
		{FA8F5B14-1731-412D-8DE4-D87958A294FF}.Ad-Hoc|Any CPU.Build.0 = Release|Any CPU
		{FA8F5B14-1731-412D-8DE4-D87958A294FF}.Ad-Hoc|ARM.ActiveCfg = Release|Any CPU
		{FA8F5B14-1731-412D-8DE4-D87958A294FF}.Ad-Hoc|ARM.Build.0 = Release|Any CPU
		{FA8F5B14-1731-412D-8DE4-D87958A294FF}.Ad-Hoc|iPhone.ActiveCfg = Release|Any CPU
		{FA8F5B14-1731-412D-8DE4-D87958A294FF}.Ad-Hoc|iPhone.Build.0 = Release|Any CPU
		{FA8F5B14-1731-412D-8DE4-D87958A294FF}.Ad-Hoc|iPhoneSimulator.ActiveCfg = Release|Any CPU
		{FA8F5B14-1731-412D-8DE4-D87958A294FF}.Ad-Hoc|iPhoneSimulator.Build.0 = Release|Any CPU
		{FA8F5B14-1731-412D-8DE4-D87958A294FF}.Ad-Hoc|x64.ActiveCfg = Release|Any CPU
		{FA8F5B14-1731-412D-8DE4-D87958A294FF}.Ad-Hoc|x64.Build.0 = Release|Any CPU
		{FA8F5B14-1731-412D-8DE4-D87958A294FF}.Ad-Hoc|x86.ActiveCfg = Release|Any CPU
		{FA8F5B14-1731-412D-8DE4-D87958A294FF}.Ad-Hoc|x86.Build.0 = Release|Any CPU
		{FA8F5B14-1731-412D-8DE4-D87958A294FF}.AppStore|Any CPU.ActiveCfg = Release|Any CPU
		{FA8F5B14-1731-412D-8DE4-D87958A294FF}.AppStore|Any CPU.Build.0 = Release|Any CPU
		{FA8F5B14-1731-412D-8DE4-D87958A294FF}.AppStore|ARM.ActiveCfg = Release|Any CPU
		{FA8F5B14-1731-412D-8DE4-D87958A294FF}.AppStore|ARM.Build.0 = Release|Any CPU
		{FA8F5B14-1731-412D-8DE4-D87958A294FF}.AppStore|iPhone.ActiveCfg = Release|Any CPU
		{FA8F5B14-1731-412D-8DE4-D87958A294FF}.AppStore|iPhone.Build.0 = Release|Any CPU
		{FA8F5B14-1731-412D-8DE4-D87958A294FF}.AppStore|iPhoneSimulator.ActiveCfg = Release|Any CPU
		{FA8F5B14-1731-412D-8DE4-D87958A294FF}.AppStore|iPhoneSimulator.Build.0 = Release|Any CPU
		{FA8F5B14-1731-412D-8DE4-D87958A294FF}.AppStore|x64.ActiveCfg = Release|Any CPU
		{FA8F5B14-1731-412D-8DE4-D87958A294FF}.AppStore|x64.Build.0 = Release|Any CPU
		{FA8F5B14-1731-412D-8DE4-D87958A294FF}.AppStore|x86.ActiveCfg = Release|Any CPU
		{FA8F5B14-1731-412D-8DE4-D87958A294FF}.AppStore|x86.Build.0 = Release|Any CPU
		{FA8F5B14-1731-412D-8DE4-D87958A294FF}.Debug|Any CPU.ActiveCfg = Debug|Any CPU
		{FA8F5B14-1731-412D-8DE4-D87958A294FF}.Debug|Any CPU.Build.0 = Debug|Any CPU
		{FA8F5B14-1731-412D-8DE4-D87958A294FF}.Debug|ARM.ActiveCfg = Debug|Any CPU
		{FA8F5B14-1731-412D-8DE4-D87958A294FF}.Debug|ARM.Build.0 = Debug|Any CPU
		{FA8F5B14-1731-412D-8DE4-D87958A294FF}.Debug|iPhone.ActiveCfg = Debug|Any CPU
		{FA8F5B14-1731-412D-8DE4-D87958A294FF}.Debug|iPhone.Build.0 = Debug|Any CPU
		{FA8F5B14-1731-412D-8DE4-D87958A294FF}.Debug|iPhoneSimulator.ActiveCfg = Debug|Any CPU
		{FA8F5B14-1731-412D-8DE4-D87958A294FF}.Debug|iPhoneSimulator.Build.0 = Debug|Any CPU
		{FA8F5B14-1731-412D-8DE4-D87958A294FF}.Debug|x64.ActiveCfg = Debug|Any CPU
		{FA8F5B14-1731-412D-8DE4-D87958A294FF}.Debug|x64.Build.0 = Debug|Any CPU
		{FA8F5B14-1731-412D-8DE4-D87958A294FF}.Debug|x86.ActiveCfg = Debug|Any CPU
		{FA8F5B14-1731-412D-8DE4-D87958A294FF}.Debug|x86.Build.0 = Debug|Any CPU
		{FA8F5B14-1731-412D-8DE4-D87958A294FF}.Release|Any CPU.ActiveCfg = Release|Any CPU
		{FA8F5B14-1731-412D-8DE4-D87958A294FF}.Release|Any CPU.Build.0 = Release|Any CPU
		{FA8F5B14-1731-412D-8DE4-D87958A294FF}.Release|ARM.ActiveCfg = Release|Any CPU
		{FA8F5B14-1731-412D-8DE4-D87958A294FF}.Release|ARM.Build.0 = Release|Any CPU
		{FA8F5B14-1731-412D-8DE4-D87958A294FF}.Release|iPhone.ActiveCfg = Release|Any CPU
		{FA8F5B14-1731-412D-8DE4-D87958A294FF}.Release|iPhone.Build.0 = Release|Any CPU
		{FA8F5B14-1731-412D-8DE4-D87958A294FF}.Release|iPhoneSimulator.ActiveCfg = Release|Any CPU
		{FA8F5B14-1731-412D-8DE4-D87958A294FF}.Release|iPhoneSimulator.Build.0 = Release|Any CPU
		{FA8F5B14-1731-412D-8DE4-D87958A294FF}.Release|x64.ActiveCfg = Release|Any CPU
		{FA8F5B14-1731-412D-8DE4-D87958A294FF}.Release|x64.Build.0 = Release|Any CPU
		{FA8F5B14-1731-412D-8DE4-D87958A294FF}.Release|x86.ActiveCfg = Release|Any CPU
		{FA8F5B14-1731-412D-8DE4-D87958A294FF}.Release|x86.Build.0 = Release|Any CPU
		{941989B5-2CCF-4625-B629-D6B2FB31EABE}.Ad-Hoc|Any CPU.ActiveCfg = Release|x64
		{941989B5-2CCF-4625-B629-D6B2FB31EABE}.Ad-Hoc|Any CPU.Build.0 = Release|x64
		{941989B5-2CCF-4625-B629-D6B2FB31EABE}.Ad-Hoc|Any CPU.Deploy.0 = Release|x64
		{941989B5-2CCF-4625-B629-D6B2FB31EABE}.Ad-Hoc|ARM.ActiveCfg = Release|ARM
		{941989B5-2CCF-4625-B629-D6B2FB31EABE}.Ad-Hoc|ARM.Build.0 = Release|ARM
		{941989B5-2CCF-4625-B629-D6B2FB31EABE}.Ad-Hoc|ARM.Deploy.0 = Release|ARM
		{941989B5-2CCF-4625-B629-D6B2FB31EABE}.Ad-Hoc|ARM64.ActiveCfg = Release|ARM64
		{941989B5-2CCF-4625-B629-D6B2FB31EABE}.Ad-Hoc|ARM64.Build.0 = Release|ARM64
		{941989B5-2CCF-4625-B629-D6B2FB31EABE}.Ad-Hoc|ARM64.Deploy.0 = Release|ARM64
		{941989B5-2CCF-4625-B629-D6B2FB31EABE}.Ad-Hoc|iPhone.ActiveCfg = Release|x64
		{941989B5-2CCF-4625-B629-D6B2FB31EABE}.Ad-Hoc|iPhone.Build.0 = Release|x64
		{941989B5-2CCF-4625-B629-D6B2FB31EABE}.Ad-Hoc|iPhone.Deploy.0 = Release|x64
		{941989B5-2CCF-4625-B629-D6B2FB31EABE}.Ad-Hoc|iPhoneSimulator.ActiveCfg = Release|x64
		{941989B5-2CCF-4625-B629-D6B2FB31EABE}.Ad-Hoc|iPhoneSimulator.Build.0 = Release|x64
		{941989B5-2CCF-4625-B629-D6B2FB31EABE}.Ad-Hoc|iPhoneSimulator.Deploy.0 = Release|x64
		{941989B5-2CCF-4625-B629-D6B2FB31EABE}.Ad-Hoc|x64.ActiveCfg = Release|x64
		{941989B5-2CCF-4625-B629-D6B2FB31EABE}.Ad-Hoc|x64.Build.0 = Release|x64
		{941989B5-2CCF-4625-B629-D6B2FB31EABE}.Ad-Hoc|x64.Deploy.0 = Release|x64
		{941989B5-2CCF-4625-B629-D6B2FB31EABE}.Ad-Hoc|x86.ActiveCfg = Release|x86
		{941989B5-2CCF-4625-B629-D6B2FB31EABE}.Ad-Hoc|x86.Build.0 = Release|x86
		{941989B5-2CCF-4625-B629-D6B2FB31EABE}.Ad-Hoc|x86.Deploy.0 = Release|x86
		{941989B5-2CCF-4625-B629-D6B2FB31EABE}.AppStore|Any CPU.ActiveCfg = Release|x64
		{941989B5-2CCF-4625-B629-D6B2FB31EABE}.AppStore|Any CPU.Build.0 = Release|x64
		{941989B5-2CCF-4625-B629-D6B2FB31EABE}.AppStore|Any CPU.Deploy.0 = Release|x64
		{941989B5-2CCF-4625-B629-D6B2FB31EABE}.AppStore|ARM.ActiveCfg = Release|ARM
		{941989B5-2CCF-4625-B629-D6B2FB31EABE}.AppStore|ARM.Build.0 = Release|ARM
		{941989B5-2CCF-4625-B629-D6B2FB31EABE}.AppStore|ARM.Deploy.0 = Release|ARM
		{941989B5-2CCF-4625-B629-D6B2FB31EABE}.AppStore|ARM64.ActiveCfg = Release|ARM64
		{941989B5-2CCF-4625-B629-D6B2FB31EABE}.AppStore|ARM64.Build.0 = Release|ARM64
		{941989B5-2CCF-4625-B629-D6B2FB31EABE}.AppStore|ARM64.Deploy.0 = Release|ARM64
		{941989B5-2CCF-4625-B629-D6B2FB31EABE}.AppStore|iPhone.ActiveCfg = Release|x64
		{941989B5-2CCF-4625-B629-D6B2FB31EABE}.AppStore|iPhone.Build.0 = Release|x64
		{941989B5-2CCF-4625-B629-D6B2FB31EABE}.AppStore|iPhone.Deploy.0 = Release|x64
		{941989B5-2CCF-4625-B629-D6B2FB31EABE}.AppStore|iPhoneSimulator.ActiveCfg = Release|x64
		{941989B5-2CCF-4625-B629-D6B2FB31EABE}.AppStore|iPhoneSimulator.Build.0 = Release|x64
		{941989B5-2CCF-4625-B629-D6B2FB31EABE}.AppStore|iPhoneSimulator.Deploy.0 = Release|x64
		{941989B5-2CCF-4625-B629-D6B2FB31EABE}.AppStore|x64.ActiveCfg = Release|x64
		{941989B5-2CCF-4625-B629-D6B2FB31EABE}.AppStore|x64.Build.0 = Release|x64
		{941989B5-2CCF-4625-B629-D6B2FB31EABE}.AppStore|x64.Deploy.0 = Release|x64
		{941989B5-2CCF-4625-B629-D6B2FB31EABE}.AppStore|x86.ActiveCfg = Release|x86
		{941989B5-2CCF-4625-B629-D6B2FB31EABE}.AppStore|x86.Build.0 = Release|x86
		{941989B5-2CCF-4625-B629-D6B2FB31EABE}.AppStore|x86.Deploy.0 = Release|x86
		{941989B5-2CCF-4625-B629-D6B2FB31EABE}.Debug|Any CPU.ActiveCfg = Debug|x86
		{941989B5-2CCF-4625-B629-D6B2FB31EABE}.Debug|ARM.ActiveCfg = Debug|ARM
		{941989B5-2CCF-4625-B629-D6B2FB31EABE}.Debug|ARM.Build.0 = Debug|ARM
		{941989B5-2CCF-4625-B629-D6B2FB31EABE}.Debug|ARM.Deploy.0 = Debug|ARM
		{941989B5-2CCF-4625-B629-D6B2FB31EABE}.Debug|ARM64.ActiveCfg = Debug|ARM64
		{941989B5-2CCF-4625-B629-D6B2FB31EABE}.Debug|ARM64.Build.0 = Debug|ARM64
		{941989B5-2CCF-4625-B629-D6B2FB31EABE}.Debug|ARM64.Deploy.0 = Debug|ARM64
		{941989B5-2CCF-4625-B629-D6B2FB31EABE}.Debug|iPhone.ActiveCfg = Debug|x86
		{941989B5-2CCF-4625-B629-D6B2FB31EABE}.Debug|iPhoneSimulator.ActiveCfg = Debug|x86
		{941989B5-2CCF-4625-B629-D6B2FB31EABE}.Debug|x64.ActiveCfg = Debug|x64
		{941989B5-2CCF-4625-B629-D6B2FB31EABE}.Debug|x64.Build.0 = Debug|x64
		{941989B5-2CCF-4625-B629-D6B2FB31EABE}.Debug|x64.Deploy.0 = Debug|x64
		{941989B5-2CCF-4625-B629-D6B2FB31EABE}.Debug|x86.ActiveCfg = Debug|x86
		{941989B5-2CCF-4625-B629-D6B2FB31EABE}.Debug|x86.Build.0 = Debug|x86
		{941989B5-2CCF-4625-B629-D6B2FB31EABE}.Debug|x86.Deploy.0 = Debug|x86
		{941989B5-2CCF-4625-B629-D6B2FB31EABE}.Release|Any CPU.ActiveCfg = Release|x86
		{941989B5-2CCF-4625-B629-D6B2FB31EABE}.Release|ARM.ActiveCfg = Release|ARM
		{941989B5-2CCF-4625-B629-D6B2FB31EABE}.Release|ARM.Build.0 = Release|ARM
		{941989B5-2CCF-4625-B629-D6B2FB31EABE}.Release|ARM.Deploy.0 = Release|ARM
		{941989B5-2CCF-4625-B629-D6B2FB31EABE}.Release|ARM64.ActiveCfg = Release|ARM64
		{941989B5-2CCF-4625-B629-D6B2FB31EABE}.Release|ARM64.Build.0 = Release|ARM64
		{941989B5-2CCF-4625-B629-D6B2FB31EABE}.Release|ARM64.Deploy.0 = Release|ARM64
		{941989B5-2CCF-4625-B629-D6B2FB31EABE}.Release|iPhone.ActiveCfg = Release|x86
		{941989B5-2CCF-4625-B629-D6B2FB31EABE}.Release|iPhoneSimulator.ActiveCfg = Release|x86
		{941989B5-2CCF-4625-B629-D6B2FB31EABE}.Release|x64.ActiveCfg = Release|x64
		{941989B5-2CCF-4625-B629-D6B2FB31EABE}.Release|x64.Build.0 = Release|x64
		{941989B5-2CCF-4625-B629-D6B2FB31EABE}.Release|x64.Deploy.0 = Release|x64
		{941989B5-2CCF-4625-B629-D6B2FB31EABE}.Release|x86.ActiveCfg = Release|x86
		{941989B5-2CCF-4625-B629-D6B2FB31EABE}.Release|x86.Build.0 = Release|x86
		{941989B5-2CCF-4625-B629-D6B2FB31EABE}.Release|x86.Deploy.0 = Release|x86
	EndGlobalSection
	GlobalSection(SolutionProperties) = preSolution
		HideSolutionNode = FALSE
	EndGlobalSection
	GlobalSection(ExtensibilityGlobals) = postSolution
		SolutionGuid = {F6D05029-56B8-4E45-AF2D-0E76295DDBA2}
	EndGlobalSection
EndGlobal
